// !$*UTF8*$!
{
	archiveVersion = 1;
	classes = {
	};
	objectVersion = 51;
	objects = {

/* Begin PBXBuildFile section */
		13A93EF7D6FD3E6034EEDA96 /* Pods_GraduationProject.framework in Frameworks */ = {isa = PBXBuildFile; fileRef = 1BD2298F60EB5D518492D5E8 /* Pods_GraduationProject.framework */; };
		A806B81221BAF44600DA2EDA /* LastViewedViewController.swift in Sources */ = {isa = PBXBuildFile; fileRef = A806B81121BAF44600DA2EDA /* LastViewedViewController.swift */; };
		A806B81421BAF45800DA2EDA /* FavouritesViewController.swift in Sources */ = {isa = PBXBuildFile; fileRef = A806B81321BAF45800DA2EDA /* FavouritesViewController.swift */; };
		A806B81621BAF81E00DA2EDA /* LastViewedTableViewCell.swift in Sources */ = {isa = PBXBuildFile; fileRef = A806B81521BAF81E00DA2EDA /* LastViewedTableViewCell.swift */; };
		A806B81821BAF82C00DA2EDA /* FavouritesTableViewCell.swift in Sources */ = {isa = PBXBuildFile; fileRef = A806B81721BAF82C00DA2EDA /* FavouritesTableViewCell.swift */; };
		A8082D2321A31C79005E3377 /* ProductDetailViewController.swift in Sources */ = {isa = PBXBuildFile; fileRef = A8082D2221A31C79005E3377 /* ProductDetailViewController.swift */; };
		A8092C3E21A72B5800A0EC14 /* PersonalInfoViewController.swift in Sources */ = {isa = PBXBuildFile; fileRef = A8092C3D21A72B5800A0EC14 /* PersonalInfoViewController.swift */; };
		A8096BEA217A3661006C8F25 /* ProductsViewController.swift in Sources */ = {isa = PBXBuildFile; fileRef = A8096BE9217A3661006C8F25 /* ProductsViewController.swift */; };
		A80C1DEA21D002060071EF2E /* AddProductTableViewCell.swift in Sources */ = {isa = PBXBuildFile; fileRef = A80C1DE921D002060071EF2E /* AddProductTableViewCell.swift */; };
		A8131CC921CEEA22002C7AD7 /* icons8-facebook-48.png in Resources */ = {isa = PBXBuildFile; fileRef = A8131CC521CEEA20002C7AD7 /* icons8-facebook-48.png */; };
		A8131CCA21CEEA22002C7AD7 /* icons8-linkedin-48.png in Resources */ = {isa = PBXBuildFile; fileRef = A8131CC621CEEA20002C7AD7 /* icons8-linkedin-48.png */; };
		A8131CCB21CEEA22002C7AD7 /* icons8-twitter-48.png in Resources */ = {isa = PBXBuildFile; fileRef = A8131CC721CEEA21002C7AD7 /* icons8-twitter-48.png */; };
		A8131CCC21CEEA22002C7AD7 /* icons8-instagram-old-48.png in Resources */ = {isa = PBXBuildFile; fileRef = A8131CC821CEEA21002C7AD7 /* icons8-instagram-old-48.png */; };
		A8146F2521A5BA53004F493F /* icons8-share-80.png in Resources */ = {isa = PBXBuildFile; fileRef = A8146F2421A5BA53004F493F /* icons8-share-80.png */; };
		A8182581217249500091A50D /* MyAccountViewController.swift in Sources */ = {isa = PBXBuildFile; fileRef = A8182580217249500091A50D /* MyAccountViewController.swift */; };
		A818258321724BBD0091A50D /* MyAccountCustomTableViewCell.swift in Sources */ = {isa = PBXBuildFile; fileRef = A818258221724BBD0091A50D /* MyAccountCustomTableViewCell.swift */; };
		A81D1C20217BC58C00EB5386 /* ProductPageTableViewCell.swift in Sources */ = {isa = PBXBuildFile; fileRef = A81D1C1F217BC58C00EB5386 /* ProductPageTableViewCell.swift */; };
		A81D1C22217BC5E700EB5386 /* ProductPageCollectionViewCell.swift in Sources */ = {isa = PBXBuildFile; fileRef = A81D1C21217BC5E700EB5386 /* ProductPageCollectionViewCell.swift */; };
		A81D765C21B31D92006BCFFF /* ShoppingCardViewController.swift in Sources */ = {isa = PBXBuildFile; fileRef = A81D765B21B31D92006BCFFF /* ShoppingCardViewController.swift */; };
		A81D765E21B3210E006BCFFF /* ShoppingCardTableViewCell.swift in Sources */ = {isa = PBXBuildFile; fileRef = A81D765D21B3210E006BCFFF /* ShoppingCardTableViewCell.swift */; };
		A81E2A0A21B16E7900E8EF3F /* FilterDetailProductCategoryViewController.swift in Sources */ = {isa = PBXBuildFile; fileRef = A81E2A0921B16E7900E8EF3F /* FilterDetailProductCategoryViewController.swift */; };
		A82A3753217A2B700026E60C /* extension.swift in Sources */ = {isa = PBXBuildFile; fileRef = A82A3752217A2B700026E60C /* extension.swift */; };
		A82B81CC21B3135200EB5354 /* shoppingCard.png in Resources */ = {isa = PBXBuildFile; fileRef = A82B81CB21B3135200EB5354 /* shoppingCard.png */; };
		A82E0FC521B8561F00651CCB /* MyAddressTableViewCell.swift in Sources */ = {isa = PBXBuildFile; fileRef = A82E0FC421B8561F00651CCB /* MyAddressTableViewCell.swift */; };
		A8301C8A21BB4E3A00B5AA8E /* menu.png in Resources */ = {isa = PBXBuildFile; fileRef = A8301C8921BB4E3A00B5AA8E /* menu.png */; };
		A834F89921419CB200D8843D /* ProductCategoryViewController.swift in Sources */ = {isa = PBXBuildFile; fileRef = A834F89821419CB200D8843D /* ProductCategoryViewController.swift */; };
		A834F89B21419E3C00D8843D /* ProductCategoryPageCollectionViewCell.swift in Sources */ = {isa = PBXBuildFile; fileRef = A834F89A21419E3C00D8843D /* ProductCategoryPageCollectionViewCell.swift */; };
		A83CB69921A865EC0098ED7D /* emptyProfileImage.png in Resources */ = {isa = PBXBuildFile; fileRef = A83CB69821A865EC0098ED7D /* emptyProfileImage.png */; };
		A83CB69B21A866C00098ED7D /* changePasswordPageViewController.swift in Sources */ = {isa = PBXBuildFile; fileRef = A83CB69A21A866C00098ED7D /* changePasswordPageViewController.swift */; };
		A83FBF2921AC4DC5002E106B /* FilterProductCategoryViewController.swift in Sources */ = {isa = PBXBuildFile; fileRef = A83FBF2821AC4DC5002E106B /* FilterProductCategoryViewController.swift */; };
		A84175F8216E5A9C00D57BC9 /* SignInPageViewController.swift in Sources */ = {isa = PBXBuildFile; fileRef = A84175F7216E5A9C00D57BC9 /* SignInPageViewController.swift */; };
		A85D3C6321D2CF7E00B99B82 /* left-arrow-key.png in Resources */ = {isa = PBXBuildFile; fileRef = A85D3C6221D2CF7E00B99B82 /* left-arrow-key.png */; };
		A86EF2A42166779F00701DEB /* LeftSideCustomMenuTableViewCell.swift in Sources */ = {isa = PBXBuildFile; fileRef = A86EF2A32166779F00701DEB /* LeftSideCustomMenuTableViewCell.swift */; };
		A86EF2A721668CE800701DEB /* facebook.png in Resources */ = {isa = PBXBuildFile; fileRef = A86EF2A621668CE800701DEB /* facebook.png */; };
		A86EF2A92166978E00701DEB /* SignUpPageViewController.swift in Sources */ = {isa = PBXBuildFile; fileRef = A86EF2A82166978E00701DEB /* SignUpPageViewController.swift */; };
		A8766FE521A5EB3000C6889F /* ar.png in Resources */ = {isa = PBXBuildFile; fileRef = A8766FE421A5EB3000C6889F /* ar.png */; };
		A883956421727DB400B591B5 /* Desk.png in Resources */ = {isa = PBXBuildFile; fileRef = A883956321727DB400B591B5 /* Desk.png */; };
		A888B7F221767DB800814EBC /* LocalAuthentication.framework in Frameworks */ = {isa = PBXBuildFile; fileRef = A888B7F121767DB800814EBC /* LocalAuthentication.framework */; };
		A88B5DF521C5FFFD00194567 /* PriceFilterViewController.swift in Sources */ = {isa = PBXBuildFile; fileRef = A88B5DF421C5FFFD00194567 /* PriceFilterViewController.swift */; };
		A88FA23E21C6F97900567BBA /* icons8-subtract-filled-50.png in Resources */ = {isa = PBXBuildFile; fileRef = A88FA23C21C6F97700567BBA /* icons8-subtract-filled-50.png */; };
		A88FA23F21C6F97900567BBA /* icons8-plus-math-filled-50.png in Resources */ = {isa = PBXBuildFile; fileRef = A88FA23D21C6F97800567BBA /* icons8-plus-math-filled-50.png */; };
		A88FA24121C73D2B00567BBA /* SortFilterViewController.swift in Sources */ = {isa = PBXBuildFile; fileRef = A88FA24021C73D2B00567BBA /* SortFilterViewController.swift */; };
		A88FA24321C7548300567BBA /* icons8-waste-50.png in Resources */ = {isa = PBXBuildFile; fileRef = A88FA24221C7548100567BBA /* icons8-waste-50.png */; };
		A88FA24521C7566E00567BBA /* sort.png in Resources */ = {isa = PBXBuildFile; fileRef = A88FA24421C7566D00567BBA /* sort.png */; };
		A88FA24721C7582F00567BBA /* filter.png in Resources */ = {isa = PBXBuildFile; fileRef = A88FA24621C7582E00567BBA /* filter.png */; };
		A8C26A2F21A5AD6700D2720D /* sofa.jpg in Resources */ = {isa = PBXBuildFile; fileRef = A8C26A2C21A5AD6700D2720D /* sofa.jpg */; };
		A8C26A3021A5AD6700D2720D /* sofa1.jpg in Resources */ = {isa = PBXBuildFile; fileRef = A8C26A2D21A5AD6700D2720D /* sofa1.jpg */; };
		A8C26A3121A5AD6700D2720D /* sofa2.jpg in Resources */ = {isa = PBXBuildFile; fileRef = A8C26A2E21A5AD6700D2720D /* sofa2.jpg */; };
		A8C2C37D21B7375900FF20EB /* AddressSelectionViewController.swift in Sources */ = {isa = PBXBuildFile; fileRef = A8C2C37C21B7375900FF20EB /* AddressSelectionViewController.swift */; };
		A8C2C37F21B73A7100FF20EB /* AddressSelectionTableViewCell.swift in Sources */ = {isa = PBXBuildFile; fileRef = A8C2C37E21B73A7100FF20EB /* AddressSelectionTableViewCell.swift */; };
		A8C2C38221B73D3300FF20EB /* checked.png in Resources */ = {isa = PBXBuildFile; fileRef = A8C2C38021B73D3200FF20EB /* checked.png */; };
		A8C2C38321B73D3300FF20EB /* unchecked.png in Resources */ = {isa = PBXBuildFile; fileRef = A8C2C38121B73D3300FF20EB /* unchecked.png */; };
		A8E58E8221B4443200CC4980 /* MyAddressViewController.swift in Sources */ = {isa = PBXBuildFile; fileRef = A8E58E8121B4443200CC4980 /* MyAddressViewController.swift */; };
		A8E58E8421B44DF500CC4980 /* AddressDetailViewController.swift in Sources */ = {isa = PBXBuildFile; fileRef = A8E58E8321B44DF500CC4980 /* AddressDetailViewController.swift */; };
		A8E58E8621B47FD400CC4980 /* UploadNewProductViewController.swift in Sources */ = {isa = PBXBuildFile; fileRef = A8E58E8521B47FD400CC4980 /* UploadNewProductViewController.swift */; };
		A8E58E8821B480B200CC4980 /* AddProductViewController.swift in Sources */ = {isa = PBXBuildFile; fileRef = A8E58E8721B480B200CC4980 /* AddProductViewController.swift */; };
		A8F5BF3B21651C350077B597 /* AppDelegate.swift in Sources */ = {isa = PBXBuildFile; fileRef = A8F5BF3A21651C350077B597 /* AppDelegate.swift */; };
		A8F5BF4021651C350077B597 /* Main.storyboard in Resources */ = {isa = PBXBuildFile; fileRef = A8F5BF3E21651C350077B597 /* Main.storyboard */; };
		A8F5BF4321651C350077B597 /* GraduationProject.xcdatamodeld in Sources */ = {isa = PBXBuildFile; fileRef = A8F5BF4121651C350077B597 /* GraduationProject.xcdatamodeld */; };
		A8F5BF4521651C360077B597 /* Assets.xcassets in Resources */ = {isa = PBXBuildFile; fileRef = A8F5BF4421651C360077B597 /* Assets.xcassets */; };
		A8F5BF4821651C360077B597 /* LaunchScreen.storyboard in Resources */ = {isa = PBXBuildFile; fileRef = A8F5BF4621651C360077B597 /* LaunchScreen.storyboard */; };
		A8F5BF5121651D1B0077B597 /* MainPageViewController.swift in Sources */ = {isa = PBXBuildFile; fileRef = A8F5BF5021651D1B0077B597 /* MainPageViewController.swift */; };
		A8F5BF5521651D4A0077B597 /* LeftSideMenuViewController.swift in Sources */ = {isa = PBXBuildFile; fileRef = A8F5BF5421651D4A0077B597 /* LeftSideMenuViewController.swift */; };
		A8F5BF6921651DDF0077B597 /* MMDrawerBarButtonItem.m in Sources */ = {isa = PBXBuildFile; fileRef = A8F5BF6421651DDF0077B597 /* MMDrawerBarButtonItem.m */; };
		A8F5BF6A21651DDF0077B597 /* MMDrawerController.m in Sources */ = {isa = PBXBuildFile; fileRef = A8F5BF6521651DDF0077B597 /* MMDrawerController.m */; };
		A8F5BF6B21651DDF0077B597 /* MMDrawerVisualState.m in Sources */ = {isa = PBXBuildFile; fileRef = A8F5BF6721651DDF0077B597 /* MMDrawerVisualState.m */; };
		A8F5BF6C21651DDF0077B597 /* UIViewController+MMDrawerController.m in Sources */ = {isa = PBXBuildFile; fileRef = A8F5BF6821651DDF0077B597 /* UIViewController+MMDrawerController.m */; };
		A8F5BF6E216523080077B597 /* GoogleService-Info.plist in Resources */ = {isa = PBXBuildFile; fileRef = A8F5BF6D216523080077B597 /* GoogleService-Info.plist */; };
		A8F6F84821727506001B36F6 /* MainPageCollectionViewCell.swift in Sources */ = {isa = PBXBuildFile; fileRef = A8F6F84721727506001B36F6 /* MainPageCollectionViewCell.swift */; };
		A8F8A08E21D0321400C82B1E /* AugmentedRealityViewController.swift in Sources */ = {isa = PBXBuildFile; fileRef = A8F8A08D21D0321400C82B1E /* AugmentedRealityViewController.swift */; };
		A8F8A09021D0372900C82B1E /* art.scnassets in Resources */ = {isa = PBXBuildFile; fileRef = A8F8A08F21D0372900C82B1E /* art.scnassets */; };
/* End PBXBuildFile section */

/* Begin PBXFileReference section */
		1BD2298F60EB5D518492D5E8 /* Pods_GraduationProject.framework */ = {isa = PBXFileReference; explicitFileType = wrapper.framework; includeInIndex = 0; path = Pods_GraduationProject.framework; sourceTree = BUILT_PRODUCTS_DIR; };
		4544BD1EBA2689C75334460E /* Pods-GraduationProject.debug.xcconfig */ = {isa = PBXFileReference; includeInIndex = 1; lastKnownFileType = text.xcconfig; name = "Pods-GraduationProject.debug.xcconfig"; path = "Pods/Target Support Files/Pods-GraduationProject/Pods-GraduationProject.debug.xcconfig"; sourceTree = "<group>"; };
		A806B81121BAF44600DA2EDA /* LastViewedViewController.swift */ = {isa = PBXFileReference; lastKnownFileType = sourcecode.swift; path = LastViewedViewController.swift; sourceTree = "<group>"; };
		A806B81321BAF45800DA2EDA /* FavouritesViewController.swift */ = {isa = PBXFileReference; lastKnownFileType = sourcecode.swift; path = FavouritesViewController.swift; sourceTree = "<group>"; };
		A806B81521BAF81E00DA2EDA /* LastViewedTableViewCell.swift */ = {isa = PBXFileReference; lastKnownFileType = sourcecode.swift; path = LastViewedTableViewCell.swift; sourceTree = "<group>"; };
		A806B81721BAF82C00DA2EDA /* FavouritesTableViewCell.swift */ = {isa = PBXFileReference; lastKnownFileType = sourcecode.swift; path = FavouritesTableViewCell.swift; sourceTree = "<group>"; };
		A8082D2221A31C79005E3377 /* ProductDetailViewController.swift */ = {isa = PBXFileReference; lastKnownFileType = sourcecode.swift; path = ProductDetailViewController.swift; sourceTree = "<group>"; };
		A8092C3D21A72B5800A0EC14 /* PersonalInfoViewController.swift */ = {isa = PBXFileReference; lastKnownFileType = sourcecode.swift; path = PersonalInfoViewController.swift; sourceTree = "<group>"; };
		A8096BE9217A3661006C8F25 /* ProductsViewController.swift */ = {isa = PBXFileReference; lastKnownFileType = sourcecode.swift; path = ProductsViewController.swift; sourceTree = "<group>"; };
		A80C1DE921D002060071EF2E /* AddProductTableViewCell.swift */ = {isa = PBXFileReference; lastKnownFileType = sourcecode.swift; path = AddProductTableViewCell.swift; sourceTree = "<group>"; };
		A8131CC521CEEA20002C7AD7 /* icons8-facebook-48.png */ = {isa = PBXFileReference; lastKnownFileType = image.png; path = "icons8-facebook-48.png"; sourceTree = "<group>"; };
		A8131CC621CEEA20002C7AD7 /* icons8-linkedin-48.png */ = {isa = PBXFileReference; lastKnownFileType = image.png; path = "icons8-linkedin-48.png"; sourceTree = "<group>"; };
		A8131CC721CEEA21002C7AD7 /* icons8-twitter-48.png */ = {isa = PBXFileReference; lastKnownFileType = image.png; path = "icons8-twitter-48.png"; sourceTree = "<group>"; };
		A8131CC821CEEA21002C7AD7 /* icons8-instagram-old-48.png */ = {isa = PBXFileReference; lastKnownFileType = image.png; path = "icons8-instagram-old-48.png"; sourceTree = "<group>"; };
		A8146F2421A5BA53004F493F /* icons8-share-80.png */ = {isa = PBXFileReference; lastKnownFileType = image.png; path = "icons8-share-80.png"; sourceTree = "<group>"; };
		A8182580217249500091A50D /* MyAccountViewController.swift */ = {isa = PBXFileReference; lastKnownFileType = sourcecode.swift; path = MyAccountViewController.swift; sourceTree = "<group>"; };
		A818258221724BBD0091A50D /* MyAccountCustomTableViewCell.swift */ = {isa = PBXFileReference; lastKnownFileType = sourcecode.swift; path = MyAccountCustomTableViewCell.swift; sourceTree = "<group>"; };
		A81D1C1F217BC58C00EB5386 /* ProductPageTableViewCell.swift */ = {isa = PBXFileReference; lastKnownFileType = sourcecode.swift; path = ProductPageTableViewCell.swift; sourceTree = "<group>"; };
		A81D1C21217BC5E700EB5386 /* ProductPageCollectionViewCell.swift */ = {isa = PBXFileReference; lastKnownFileType = sourcecode.swift; path = ProductPageCollectionViewCell.swift; sourceTree = "<group>"; };
		A81D765B21B31D92006BCFFF /* ShoppingCardViewController.swift */ = {isa = PBXFileReference; lastKnownFileType = sourcecode.swift; path = ShoppingCardViewController.swift; sourceTree = "<group>"; };
		A81D765D21B3210E006BCFFF /* ShoppingCardTableViewCell.swift */ = {isa = PBXFileReference; lastKnownFileType = sourcecode.swift; path = ShoppingCardTableViewCell.swift; sourceTree = "<group>"; };
		A81E2A0921B16E7900E8EF3F /* FilterDetailProductCategoryViewController.swift */ = {isa = PBXFileReference; lastKnownFileType = sourcecode.swift; path = FilterDetailProductCategoryViewController.swift; sourceTree = "<group>"; };
		A82A3752217A2B700026E60C /* extension.swift */ = {isa = PBXFileReference; lastKnownFileType = sourcecode.swift; path = extension.swift; sourceTree = "<group>"; };
		A82B81CB21B3135200EB5354 /* shoppingCard.png */ = {isa = PBXFileReference; lastKnownFileType = image.png; path = shoppingCard.png; sourceTree = "<group>"; };
		A82E0FC421B8561F00651CCB /* MyAddressTableViewCell.swift */ = {isa = PBXFileReference; lastKnownFileType = sourcecode.swift; path = MyAddressTableViewCell.swift; sourceTree = "<group>"; };
		A8301C8921BB4E3A00B5AA8E /* menu.png */ = {isa = PBXFileReference; lastKnownFileType = image.png; path = menu.png; sourceTree = "<group>"; };
		A834F89821419CB200D8843D /* ProductCategoryViewController.swift */ = {isa = PBXFileReference; lastKnownFileType = sourcecode.swift; path = ProductCategoryViewController.swift; sourceTree = "<group>"; };
		A834F89A21419E3C00D8843D /* ProductCategoryPageCollectionViewCell.swift */ = {isa = PBXFileReference; lastKnownFileType = sourcecode.swift; path = ProductCategoryPageCollectionViewCell.swift; sourceTree = "<group>"; };
		A83CB69821A865EC0098ED7D /* emptyProfileImage.png */ = {isa = PBXFileReference; lastKnownFileType = image.png; path = emptyProfileImage.png; sourceTree = "<group>"; };
		A83CB69A21A866C00098ED7D /* changePasswordPageViewController.swift */ = {isa = PBXFileReference; lastKnownFileType = sourcecode.swift; path = changePasswordPageViewController.swift; sourceTree = "<group>"; };
		A83FBF2821AC4DC5002E106B /* FilterProductCategoryViewController.swift */ = {isa = PBXFileReference; lastKnownFileType = sourcecode.swift; path = FilterProductCategoryViewController.swift; sourceTree = "<group>"; };
		A84175F7216E5A9C00D57BC9 /* SignInPageViewController.swift */ = {isa = PBXFileReference; lastKnownFileType = sourcecode.swift; path = SignInPageViewController.swift; sourceTree = "<group>"; };
		A85D3C6221D2CF7E00B99B82 /* left-arrow-key.png */ = {isa = PBXFileReference; lastKnownFileType = image.png; name = "left-arrow-key.png"; path = "../../../../../Desktop/left-arrow-key.png"; sourceTree = "<group>"; };
		A86EF2A32166779F00701DEB /* LeftSideCustomMenuTableViewCell.swift */ = {isa = PBXFileReference; lastKnownFileType = sourcecode.swift; path = LeftSideCustomMenuTableViewCell.swift; sourceTree = "<group>"; };
		A86EF2A621668CE800701DEB /* facebook.png */ = {isa = PBXFileReference; lastKnownFileType = image.png; path = facebook.png; sourceTree = "<group>"; };
		A86EF2A82166978E00701DEB /* SignUpPageViewController.swift */ = {isa = PBXFileReference; lastKnownFileType = sourcecode.swift; path = SignUpPageViewController.swift; sourceTree = "<group>"; };
		A8766FE421A5EB3000C6889F /* ar.png */ = {isa = PBXFileReference; lastKnownFileType = image.png; path = ar.png; sourceTree = "<group>"; };
		A883956321727DB400B591B5 /* Desk.png */ = {isa = PBXFileReference; lastKnownFileType = image.png; path = Desk.png; sourceTree = "<group>"; };
		A888B7F121767DB800814EBC /* LocalAuthentication.framework */ = {isa = PBXFileReference; lastKnownFileType = wrapper.framework; name = LocalAuthentication.framework; path = System/Library/Frameworks/LocalAuthentication.framework; sourceTree = SDKROOT; };
		A88B5DF421C5FFFD00194567 /* PriceFilterViewController.swift */ = {isa = PBXFileReference; lastKnownFileType = sourcecode.swift; path = PriceFilterViewController.swift; sourceTree = "<group>"; };
		A88FA23C21C6F97700567BBA /* icons8-subtract-filled-50.png */ = {isa = PBXFileReference; lastKnownFileType = image.png; path = "icons8-subtract-filled-50.png"; sourceTree = "<group>"; };
		A88FA23D21C6F97800567BBA /* icons8-plus-math-filled-50.png */ = {isa = PBXFileReference; lastKnownFileType = image.png; path = "icons8-plus-math-filled-50.png"; sourceTree = "<group>"; };
		A88FA24021C73D2B00567BBA /* SortFilterViewController.swift */ = {isa = PBXFileReference; lastKnownFileType = sourcecode.swift; path = SortFilterViewController.swift; sourceTree = "<group>"; };
		A88FA24221C7548100567BBA /* icons8-waste-50.png */ = {isa = PBXFileReference; lastKnownFileType = image.png; path = "icons8-waste-50.png"; sourceTree = "<group>"; };
		A88FA24421C7566D00567BBA /* sort.png */ = {isa = PBXFileReference; lastKnownFileType = image.png; path = sort.png; sourceTree = "<group>"; };
		A88FA24621C7582E00567BBA /* filter.png */ = {isa = PBXFileReference; lastKnownFileType = image.png; path = filter.png; sourceTree = "<group>"; };
		A8C26A2C21A5AD6700D2720D /* sofa.jpg */ = {isa = PBXFileReference; lastKnownFileType = image.jpeg; path = sofa.jpg; sourceTree = "<group>"; };
		A8C26A2D21A5AD6700D2720D /* sofa1.jpg */ = {isa = PBXFileReference; lastKnownFileType = image.jpeg; path = sofa1.jpg; sourceTree = "<group>"; };
		A8C26A2E21A5AD6700D2720D /* sofa2.jpg */ = {isa = PBXFileReference; lastKnownFileType = image.jpeg; path = sofa2.jpg; sourceTree = "<group>"; };
		A8C2C37C21B7375900FF20EB /* AddressSelectionViewController.swift */ = {isa = PBXFileReference; lastKnownFileType = sourcecode.swift; path = AddressSelectionViewController.swift; sourceTree = "<group>"; };
		A8C2C37E21B73A7100FF20EB /* AddressSelectionTableViewCell.swift */ = {isa = PBXFileReference; lastKnownFileType = sourcecode.swift; path = AddressSelectionTableViewCell.swift; sourceTree = "<group>"; };
		A8C2C38021B73D3200FF20EB /* checked.png */ = {isa = PBXFileReference; lastKnownFileType = image.png; path = checked.png; sourceTree = "<group>"; };
		A8C2C38121B73D3300FF20EB /* unchecked.png */ = {isa = PBXFileReference; lastKnownFileType = image.png; path = unchecked.png; sourceTree = "<group>"; };
		A8E58E8121B4443200CC4980 /* MyAddressViewController.swift */ = {isa = PBXFileReference; lastKnownFileType = sourcecode.swift; path = MyAddressViewController.swift; sourceTree = "<group>"; };
		A8E58E8321B44DF500CC4980 /* AddressDetailViewController.swift */ = {isa = PBXFileReference; lastKnownFileType = sourcecode.swift; path = AddressDetailViewController.swift; sourceTree = "<group>"; };
		A8E58E8521B47FD400CC4980 /* UploadNewProductViewController.swift */ = {isa = PBXFileReference; lastKnownFileType = sourcecode.swift; path = UploadNewProductViewController.swift; sourceTree = "<group>"; };
		A8E58E8721B480B200CC4980 /* AddProductViewController.swift */ = {isa = PBXFileReference; lastKnownFileType = sourcecode.swift; path = AddProductViewController.swift; sourceTree = "<group>"; };
		A8F5BF3721651C350077B597 /* GraduationProject.app */ = {isa = PBXFileReference; explicitFileType = wrapper.application; includeInIndex = 0; path = GraduationProject.app; sourceTree = BUILT_PRODUCTS_DIR; };
		A8F5BF3A21651C350077B597 /* AppDelegate.swift */ = {isa = PBXFileReference; lastKnownFileType = sourcecode.swift; path = AppDelegate.swift; sourceTree = "<group>"; };
		A8F5BF3F21651C350077B597 /* Base */ = {isa = PBXFileReference; lastKnownFileType = file.storyboard; name = Base; path = Base.lproj/Main.storyboard; sourceTree = "<group>"; };
		A8F5BF4221651C350077B597 /* GraduationProject.xcdatamodel */ = {isa = PBXFileReference; lastKnownFileType = wrapper.xcdatamodel; path = GraduationProject.xcdatamodel; sourceTree = "<group>"; };
		A8F5BF4421651C360077B597 /* Assets.xcassets */ = {isa = PBXFileReference; lastKnownFileType = folder.assetcatalog; path = Assets.xcassets; sourceTree = "<group>"; };
		A8F5BF4721651C360077B597 /* Base */ = {isa = PBXFileReference; lastKnownFileType = file.storyboard; name = Base; path = Base.lproj/LaunchScreen.storyboard; sourceTree = "<group>"; };
		A8F5BF4921651C360077B597 /* Info.plist */ = {isa = PBXFileReference; lastKnownFileType = text.plist.xml; path = Info.plist; sourceTree = "<group>"; };
		A8F5BF5021651D1B0077B597 /* MainPageViewController.swift */ = {isa = PBXFileReference; lastKnownFileType = sourcecode.swift; path = MainPageViewController.swift; sourceTree = "<group>"; };
		A8F5BF5421651D4A0077B597 /* LeftSideMenuViewController.swift */ = {isa = PBXFileReference; lastKnownFileType = sourcecode.swift; path = LeftSideMenuViewController.swift; sourceTree = "<group>"; };
		A8F5BF5F21651DDE0077B597 /* GraduationProject-Bridging-Header.h */ = {isa = PBXFileReference; lastKnownFileType = sourcecode.c.h; path = "GraduationProject-Bridging-Header.h"; sourceTree = "<group>"; };
		A8F5BF6021651DDF0077B597 /* MMDrawerController+Subclass.h */ = {isa = PBXFileReference; fileEncoding = 4; lastKnownFileType = sourcecode.c.h; path = "MMDrawerController+Subclass.h"; sourceTree = "<group>"; };
		A8F5BF6121651DDF0077B597 /* UIViewController+MMDrawerController.h */ = {isa = PBXFileReference; fileEncoding = 4; lastKnownFileType = sourcecode.c.h; path = "UIViewController+MMDrawerController.h"; sourceTree = "<group>"; };
		A8F5BF6221651DDF0077B597 /* MMDrawerVisualState.h */ = {isa = PBXFileReference; fileEncoding = 4; lastKnownFileType = sourcecode.c.h; path = MMDrawerVisualState.h; sourceTree = "<group>"; };
		A8F5BF6321651DDF0077B597 /* MMDrawerBarButtonItem.h */ = {isa = PBXFileReference; fileEncoding = 4; lastKnownFileType = sourcecode.c.h; path = MMDrawerBarButtonItem.h; sourceTree = "<group>"; };
		A8F5BF6421651DDF0077B597 /* MMDrawerBarButtonItem.m */ = {isa = PBXFileReference; fileEncoding = 4; lastKnownFileType = sourcecode.c.objc; path = MMDrawerBarButtonItem.m; sourceTree = "<group>"; };
		A8F5BF6521651DDF0077B597 /* MMDrawerController.m */ = {isa = PBXFileReference; fileEncoding = 4; lastKnownFileType = sourcecode.c.objc; path = MMDrawerController.m; sourceTree = "<group>"; };
		A8F5BF6621651DDF0077B597 /* MMDrawerController.h */ = {isa = PBXFileReference; fileEncoding = 4; lastKnownFileType = sourcecode.c.h; path = MMDrawerController.h; sourceTree = "<group>"; };
		A8F5BF6721651DDF0077B597 /* MMDrawerVisualState.m */ = {isa = PBXFileReference; fileEncoding = 4; lastKnownFileType = sourcecode.c.objc; path = MMDrawerVisualState.m; sourceTree = "<group>"; };
		A8F5BF6821651DDF0077B597 /* UIViewController+MMDrawerController.m */ = {isa = PBXFileReference; fileEncoding = 4; lastKnownFileType = sourcecode.c.objc; path = "UIViewController+MMDrawerController.m"; sourceTree = "<group>"; };
		A8F5BF6D216523080077B597 /* GoogleService-Info.plist */ = {isa = PBXFileReference; fileEncoding = 4; lastKnownFileType = text.plist.xml; path = "GoogleService-Info.plist"; sourceTree = "<group>"; };
		A8F6F84721727506001B36F6 /* MainPageCollectionViewCell.swift */ = {isa = PBXFileReference; lastKnownFileType = sourcecode.swift; path = MainPageCollectionViewCell.swift; sourceTree = "<group>"; };
		A8F8A08D21D0321400C82B1E /* AugmentedRealityViewController.swift */ = {isa = PBXFileReference; lastKnownFileType = sourcecode.swift; path = AugmentedRealityViewController.swift; sourceTree = "<group>"; };
		A8F8A08F21D0372900C82B1E /* art.scnassets */ = {isa = PBXFileReference; lastKnownFileType = wrapper.scnassets; path = art.scnassets; sourceTree = "<group>"; };
		D06048B35AF431EA570F4210 /* Pods-GraduationProject.release.xcconfig */ = {isa = PBXFileReference; includeInIndex = 1; lastKnownFileType = text.xcconfig; name = "Pods-GraduationProject.release.xcconfig"; path = "Pods/Target Support Files/Pods-GraduationProject/Pods-GraduationProject.release.xcconfig"; sourceTree = "<group>"; };
/* End PBXFileReference section */

/* Begin PBXFrameworksBuildPhase section */
		A8F5BF3421651C350077B597 /* Frameworks */ = {
			isa = PBXFrameworksBuildPhase;
			buildActionMask = 2147483647;
			files = (
				A888B7F221767DB800814EBC /* LocalAuthentication.framework in Frameworks */,
				13A93EF7D6FD3E6034EEDA96 /* Pods_GraduationProject.framework in Frameworks */,
			);
			runOnlyForDeploymentPostprocessing = 0;
		};
/* End PBXFrameworksBuildPhase section */

/* Begin PBXGroup section */
		1B91080B77F67DEFF5B9ABD0 /* Frameworks */ = {
			isa = PBXGroup;
			children = (
				A888B7F121767DB800814EBC /* LocalAuthentication.framework */,
				1BD2298F60EB5D518492D5E8 /* Pods_GraduationProject.framework */,
			);
			name = Frameworks;
			sourceTree = "<group>";
		};
		3BE9FD9D21715EA8BD06D775 /* Pods */ = {
			isa = PBXGroup;
			children = (
				4544BD1EBA2689C75334460E /* Pods-GraduationProject.debug.xcconfig */,
				D06048B35AF431EA570F4210 /* Pods-GraduationProject.release.xcconfig */,
			);
			name = Pods;
			sourceTree = "<group>";
		};
		A8131CC421CEE9F3002C7AD7 /* Social Media Icons */ = {
			isa = PBXGroup;
			children = (
				A8131CC521CEEA20002C7AD7 /* icons8-facebook-48.png */,
				A8131CC821CEEA21002C7AD7 /* icons8-instagram-old-48.png */,
				A8131CC621CEEA20002C7AD7 /* icons8-linkedin-48.png */,
				A8131CC721CEEA21002C7AD7 /* icons8-twitter-48.png */,
			);
			path = "Social Media Icons";
			sourceTree = "<group>";
		};
		A86EF2A521668CB100701DEB /* Images */ = {
			isa = PBXGroup;
			children = (
				A85D3C6221D2CF7E00B99B82 /* left-arrow-key.png */,
				A8131CC421CEE9F3002C7AD7 /* Social Media Icons */,
				A88FA24621C7582E00567BBA /* filter.png */,
				A88FA24421C7566D00567BBA /* sort.png */,
				A88FA24221C7548100567BBA /* icons8-waste-50.png */,
				A88FA23D21C6F97800567BBA /* icons8-plus-math-filled-50.png */,
				A88FA23C21C6F97700567BBA /* icons8-subtract-filled-50.png */,
				A8C2C38021B73D3200FF20EB /* checked.png */,
				A8C2C38121B73D3300FF20EB /* unchecked.png */,
				A82B81CB21B3135200EB5354 /* shoppingCard.png */,
				A8C26A2C21A5AD6700D2720D /* sofa.jpg */,
				A83CB69821A865EC0098ED7D /* emptyProfileImage.png */,
				A8301C8921BB4E3A00B5AA8E /* menu.png */,
				A8C26A2D21A5AD6700D2720D /* sofa1.jpg */,
				A8C26A2E21A5AD6700D2720D /* sofa2.jpg */,
				A883956321727DB400B591B5 /* Desk.png */,
				A8146F2421A5BA53004F493F /* icons8-share-80.png */,
				A8766FE421A5EB3000C6889F /* ar.png */,
				A86EF2A621668CE800701DEB /* facebook.png */,
			);
			path = Images;
			sourceTree = "<group>";
		};
		A8F5BF2E21651C350077B597 = {
			isa = PBXGroup;
			children = (
				A8F5BF3921651C350077B597 /* GraduationProject */,
				A8F5BF3821651C350077B597 /* Products */,
				3BE9FD9D21715EA8BD06D775 /* Pods */,
				1B91080B77F67DEFF5B9ABD0 /* Frameworks */,
			);
			sourceTree = "<group>";
		};
		A8F5BF3821651C350077B597 /* Products */ = {
			isa = PBXGroup;
			children = (
				A8F5BF3721651C350077B597 /* GraduationProject.app */,
			);
			name = Products;
			sourceTree = "<group>";
		};
		A8F5BF3921651C350077B597 /* GraduationProject */ = {
			isa = PBXGroup;
			children = (
				A86EF2A521668CB100701DEB /* Images */,
				A8F5BF7121653CA10077B597 /* View */,
				A8F5BF7021653C960077B597 /* Control */,
				A8F5BF6F21653C8A0077B597 /* Model */,
				A8F5BF4F21651C7B0077B597 /* MMDrawer */,
				A8F5BF3A21651C350077B597 /* AppDelegate.swift */,
				A8F5BF3E21651C350077B597 /* Main.storyboard */,
				A8F8A08F21D0372900C82B1E /* art.scnassets */,
				A8F5BF4421651C360077B597 /* Assets.xcassets */,
				A8F5BF4621651C360077B597 /* LaunchScreen.storyboard */,
				A8F5BF4921651C360077B597 /* Info.plist */,
				A8F5BF6D216523080077B597 /* GoogleService-Info.plist */,
				A8F5BF4121651C350077B597 /* GraduationProject.xcdatamodeld */,
			);
			path = GraduationProject;
			sourceTree = "<group>";
		};
		A8F5BF4F21651C7B0077B597 /* MMDrawer */ = {
			isa = PBXGroup;
			children = (
				A8F5BF6321651DDF0077B597 /* MMDrawerBarButtonItem.h */,
				A8F5BF6421651DDF0077B597 /* MMDrawerBarButtonItem.m */,
				A8F5BF6621651DDF0077B597 /* MMDrawerController.h */,
				A8F5BF6521651DDF0077B597 /* MMDrawerController.m */,
				A8F5BF6021651DDF0077B597 /* MMDrawerController+Subclass.h */,
				A8F5BF6221651DDF0077B597 /* MMDrawerVisualState.h */,
				A8F5BF6721651DDF0077B597 /* MMDrawerVisualState.m */,
				A8F5BF6121651DDF0077B597 /* UIViewController+MMDrawerController.h */,
				A8F5BF6821651DDF0077B597 /* UIViewController+MMDrawerController.m */,
				A8F5BF5F21651DDE0077B597 /* GraduationProject-Bridging-Header.h */,
			);
			path = MMDrawer;
			sourceTree = "<group>";
		};
		A8F5BF6F21653C8A0077B597 /* Model */ = {
			isa = PBXGroup;
			children = (
				A82A3752217A2B700026E60C /* extension.swift */,
			);
			path = Model;
			sourceTree = "<group>";
		};
		A8F5BF7021653C960077B597 /* Control */ = {
			isa = PBXGroup;
			children = (
				A8F5BF5421651D4A0077B597 /* LeftSideMenuViewController.swift */,
				A8F5BF5021651D1B0077B597 /* MainPageViewController.swift */,
				A86EF2A82166978E00701DEB /* SignUpPageViewController.swift */,
				A84175F7216E5A9C00D57BC9 /* SignInPageViewController.swift */,
				A8182580217249500091A50D /* MyAccountViewController.swift */,
				A8096BE9217A3661006C8F25 /* ProductsViewController.swift */,
				A834F89821419CB200D8843D /* ProductCategoryViewController.swift */,
				A8082D2221A31C79005E3377 /* ProductDetailViewController.swift */,
				A8092C3D21A72B5800A0EC14 /* PersonalInfoViewController.swift */,
				A83CB69A21A866C00098ED7D /* changePasswordPageViewController.swift */,
				A8E58E8121B4443200CC4980 /* MyAddressViewController.swift */,
				A8E58E8321B44DF500CC4980 /* AddressDetailViewController.swift */,
				A83FBF2821AC4DC5002E106B /* FilterProductCategoryViewController.swift */,
				A81E2A0921B16E7900E8EF3F /* FilterDetailProductCategoryViewController.swift */,
				A88B5DF421C5FFFD00194567 /* PriceFilterViewController.swift */,
				A81D765B21B31D92006BCFFF /* ShoppingCardViewController.swift */,
				A8E58E8521B47FD400CC4980 /* UploadNewProductViewController.swift */,
				A8E58E8721B480B200CC4980 /* AddProductViewController.swift */,
				A8C2C37C21B7375900FF20EB /* AddressSelectionViewController.swift */,
				A806B81121BAF44600DA2EDA /* LastViewedViewController.swift */,
				A806B81321BAF45800DA2EDA /* FavouritesViewController.swift */,
				A88FA24021C73D2B00567BBA /* SortFilterViewController.swift */,
				A8F8A08D21D0321400C82B1E /* AugmentedRealityViewController.swift */,
			);
			path = Control;
			sourceTree = "<group>";
		};
		A8F5BF7121653CA10077B597 /* View */ = {
			isa = PBXGroup;
			children = (
				A86EF2A32166779F00701DEB /* LeftSideCustomMenuTableViewCell.swift */,
				A818258221724BBD0091A50D /* MyAccountCustomTableViewCell.swift */,
				A8F6F84721727506001B36F6 /* MainPageCollectionViewCell.swift */,
				A81D1C1F217BC58C00EB5386 /* ProductPageTableViewCell.swift */,
				A81D1C21217BC5E700EB5386 /* ProductPageCollectionViewCell.swift */,
				A834F89A21419E3C00D8843D /* ProductCategoryPageCollectionViewCell.swift */,
				A81D765D21B3210E006BCFFF /* ShoppingCardTableViewCell.swift */,
				A8C2C37E21B73A7100FF20EB /* AddressSelectionTableViewCell.swift */,
				A82E0FC421B8561F00651CCB /* MyAddressTableViewCell.swift */,
				A806B81521BAF81E00DA2EDA /* LastViewedTableViewCell.swift */,
				A806B81721BAF82C00DA2EDA /* FavouritesTableViewCell.swift */,
				A80C1DE921D002060071EF2E /* AddProductTableViewCell.swift */,
			);
			path = View;
			sourceTree = "<group>";
		};
/* End PBXGroup section */

/* Begin PBXNativeTarget section */
		A8F5BF3621651C350077B597 /* GraduationProject */ = {
			isa = PBXNativeTarget;
			buildConfigurationList = A8F5BF4C21651C360077B597 /* Build configuration list for PBXNativeTarget "GraduationProject" */;
			buildPhases = (
				3F3F6FF1CE5937B7B4261A49 /* [CP] Check Pods Manifest.lock */,
				A8F5BF3321651C350077B597 /* Sources */,
				A8F5BF3421651C350077B597 /* Frameworks */,
				A8F5BF3521651C350077B597 /* Resources */,
				D063381156E9D154844BB8AF /* [CP] Embed Pods Frameworks */,
			);
			buildRules = (
			);
			dependencies = (
			);
			name = GraduationProject;
			productName = GraduationProject;
			productReference = A8F5BF3721651C350077B597 /* GraduationProject.app */;
			productType = "com.apple.product-type.application";
		};
/* End PBXNativeTarget section */

/* Begin PBXProject section */
		A8F5BF2F21651C350077B597 /* Project object */ = {
			isa = PBXProject;
			attributes = {
				LastSwiftUpdateCheck = 1000;
				LastUpgradeCheck = 1000;
				ORGANIZATIONNAME = "Burak Akin";
				TargetAttributes = {
					A8F5BF3621651C350077B597 = {
						CreatedOnToolsVersion = 10.0;
						LastSwiftMigration = 1000;
					};
				};
			};
			buildConfigurationList = A8F5BF3221651C350077B597 /* Build configuration list for PBXProject "GraduationProject" */;
			compatibilityVersion = "Xcode 10.0";
			developmentRegion = en;
			hasScannedForEncodings = 0;
			knownRegions = (
				en,
				Base,
			);
			mainGroup = A8F5BF2E21651C350077B597;
			productRefGroup = A8F5BF3821651C350077B597 /* Products */;
			projectDirPath = "";
			projectRoot = "";
			targets = (
				A8F5BF3621651C350077B597 /* GraduationProject */,
			);
		};
/* End PBXProject section */

/* Begin PBXResourcesBuildPhase section */
		A8F5BF3521651C350077B597 /* Resources */ = {
			isa = PBXResourcesBuildPhase;
			buildActionMask = 2147483647;
			files = (
				A8301C8A21BB4E3A00B5AA8E /* menu.png in Resources */,
				A883956421727DB400B591B5 /* Desk.png in Resources */,
				A88FA24321C7548300567BBA /* icons8-waste-50.png in Resources */,
				A88FA23F21C6F97900567BBA /* icons8-plus-math-filled-50.png in Resources */,
				A8131CCC21CEEA22002C7AD7 /* icons8-instagram-old-48.png in Resources */,
				A85D3C6321D2CF7E00B99B82 /* left-arrow-key.png in Resources */,
				A88FA24521C7566E00567BBA /* sort.png in Resources */,
				A88FA23E21C6F97900567BBA /* icons8-subtract-filled-50.png in Resources */,
				A88FA24721C7582F00567BBA /* filter.png in Resources */,
				A8C26A3121A5AD6700D2720D /* sofa2.jpg in Resources */,
				A8C26A2F21A5AD6700D2720D /* sofa.jpg in Resources */,
				A8C26A3021A5AD6700D2720D /* sofa1.jpg in Resources */,
				A8C2C38321B73D3300FF20EB /* unchecked.png in Resources */,
				A83CB69921A865EC0098ED7D /* emptyProfileImage.png in Resources */,
				A8F5BF4821651C360077B597 /* LaunchScreen.storyboard in Resources */,
				A8131CCB21CEEA22002C7AD7 /* icons8-twitter-48.png in Resources */,
				A8F8A09021D0372900C82B1E /* art.scnassets in Resources */,
				A8146F2521A5BA53004F493F /* icons8-share-80.png in Resources */,
				A8F5BF6E216523080077B597 /* GoogleService-Info.plist in Resources */,
				A86EF2A721668CE800701DEB /* facebook.png in Resources */,
				A8F5BF4521651C360077B597 /* Assets.xcassets in Resources */,
				A8131CC921CEEA22002C7AD7 /* icons8-facebook-48.png in Resources */,
				A8F5BF4021651C350077B597 /* Main.storyboard in Resources */,
				A8C2C38221B73D3300FF20EB /* checked.png in Resources */,
				A8131CCA21CEEA22002C7AD7 /* icons8-linkedin-48.png in Resources */,
				A82B81CC21B3135200EB5354 /* shoppingCard.png in Resources */,
				A8766FE521A5EB3000C6889F /* ar.png in Resources */,
			);
			runOnlyForDeploymentPostprocessing = 0;
		};
/* End PBXResourcesBuildPhase section */

/* Begin PBXShellScriptBuildPhase section */
		3F3F6FF1CE5937B7B4261A49 /* [CP] Check Pods Manifest.lock */ = {
			isa = PBXShellScriptBuildPhase;
			buildActionMask = 2147483647;
			files = (
			);
			inputPaths = (
				"${PODS_PODFILE_DIR_PATH}/Podfile.lock",
				"${PODS_ROOT}/Manifest.lock",
			);
			name = "[CP] Check Pods Manifest.lock";
			outputPaths = (
				"$(DERIVED_FILE_DIR)/Pods-GraduationProject-checkManifestLockResult.txt",
			);
			runOnlyForDeploymentPostprocessing = 0;
			shellPath = /bin/sh;
			shellScript = "diff \"${PODS_PODFILE_DIR_PATH}/Podfile.lock\" \"${PODS_ROOT}/Manifest.lock\" > /dev/null\nif [ $? != 0 ] ; then\n    # print error to STDERR\n    echo \"error: The sandbox is not in sync with the Podfile.lock. Run 'pod install' or update your CocoaPods installation.\" >&2\n    exit 1\nfi\n# This output is used by Xcode 'outputs' to avoid re-running this script phase.\necho \"SUCCESS\" > \"${SCRIPT_OUTPUT_FILE_0}\"\n";
			showEnvVarsInLog = 0;
		};
		D063381156E9D154844BB8AF /* [CP] Embed Pods Frameworks */ = {
			isa = PBXShellScriptBuildPhase;
			buildActionMask = 2147483647;
			files = (
			);
			inputPaths = (
				"${PODS_ROOT}/Target Support Files/Pods-GraduationProject/Pods-GraduationProject-frameworks.sh",
				"${BUILT_PRODUCTS_DIR}/BoringSSL/openssl.framework",
				"${BUILT_PRODUCTS_DIR}/GTMSessionFetcher/GTMSessionFetcher.framework",
				"${BUILT_PRODUCTS_DIR}/GoogleToolboxForMac/GoogleToolboxForMac.framework",
				"${BUILT_PRODUCTS_DIR}/ImageSlideshow/ImageSlideshow.framework",
				"${BUILT_PRODUCTS_DIR}/Protobuf/Protobuf.framework",
				"${BUILT_PRODUCTS_DIR}/gRPC/GRPCClient.framework",
				"${BUILT_PRODUCTS_DIR}/gRPC-Core/grpc.framework",
				"${BUILT_PRODUCTS_DIR}/gRPC-ProtoRPC/ProtoRPC.framework",
				"${BUILT_PRODUCTS_DIR}/gRPC-RxLibrary/RxLibrary.framework",
				"${BUILT_PRODUCTS_DIR}/leveldb-library/leveldb.framework",
				"${BUILT_PRODUCTS_DIR}/nanopb/nanopb.framework",
			);
			name = "[CP] Embed Pods Frameworks";
			outputPaths = (
				"${TARGET_BUILD_DIR}/${FRAMEWORKS_FOLDER_PATH}/openssl.framework",
				"${TARGET_BUILD_DIR}/${FRAMEWORKS_FOLDER_PATH}/GTMSessionFetcher.framework",
				"${TARGET_BUILD_DIR}/${FRAMEWORKS_FOLDER_PATH}/GoogleToolboxForMac.framework",
				"${TARGET_BUILD_DIR}/${FRAMEWORKS_FOLDER_PATH}/ImageSlideshow.framework",
				"${TARGET_BUILD_DIR}/${FRAMEWORKS_FOLDER_PATH}/Protobuf.framework",
				"${TARGET_BUILD_DIR}/${FRAMEWORKS_FOLDER_PATH}/GRPCClient.framework",
				"${TARGET_BUILD_DIR}/${FRAMEWORKS_FOLDER_PATH}/grpc.framework",
				"${TARGET_BUILD_DIR}/${FRAMEWORKS_FOLDER_PATH}/ProtoRPC.framework",
				"${TARGET_BUILD_DIR}/${FRAMEWORKS_FOLDER_PATH}/RxLibrary.framework",
				"${TARGET_BUILD_DIR}/${FRAMEWORKS_FOLDER_PATH}/leveldb.framework",
				"${TARGET_BUILD_DIR}/${FRAMEWORKS_FOLDER_PATH}/nanopb.framework",
			);
			runOnlyForDeploymentPostprocessing = 0;
			shellPath = /bin/sh;
			shellScript = "\"${PODS_ROOT}/Target Support Files/Pods-GraduationProject/Pods-GraduationProject-frameworks.sh\"\n";
			showEnvVarsInLog = 0;
		};
/* End PBXShellScriptBuildPhase section */

/* Begin PBXSourcesBuildPhase section */
		A8F5BF3321651C350077B597 /* Sources */ = {
			isa = PBXSourcesBuildPhase;
			buildActionMask = 2147483647;
			files = (
				A806B81421BAF45800DA2EDA /* FavouritesViewController.swift in Sources */,
				A8F5BF5521651D4A0077B597 /* LeftSideMenuViewController.swift in Sources */,
				A8F5BF5121651D1B0077B597 /* MainPageViewController.swift in Sources */,
				A8182581217249500091A50D /* MyAccountViewController.swift in Sources */,
				A82A3753217A2B700026E60C /* extension.swift in Sources */,
				A8E58E8821B480B200CC4980 /* AddProductViewController.swift in Sources */,
				A8C2C37F21B73A7100FF20EB /* AddressSelectionTableViewCell.swift in Sources */,
				A81D765E21B3210E006BCFFF /* ShoppingCardTableViewCell.swift in Sources */,
				A86EF2A42166779F00701DEB /* LeftSideCustomMenuTableViewCell.swift in Sources */,
				A81D1C22217BC5E700EB5386 /* ProductPageCollectionViewCell.swift in Sources */,
				A8F5BF6921651DDF0077B597 /* MMDrawerBarButtonItem.m in Sources */,
				A8F5BF6C21651DDF0077B597 /* UIViewController+MMDrawerController.m in Sources */,
				A8C2C37D21B7375900FF20EB /* AddressSelectionViewController.swift in Sources */,
				A8F5BF4321651C350077B597 /* GraduationProject.xcdatamodeld in Sources */,
				A818258321724BBD0091A50D /* MyAccountCustomTableViewCell.swift in Sources */,
				A8E58E8221B4443200CC4980 /* MyAddressViewController.swift in Sources */,
				A8E58E8421B44DF500CC4980 /* AddressDetailViewController.swift in Sources */,
				A84175F8216E5A9C00D57BC9 /* SignInPageViewController.swift in Sources */,
				A8096BEA217A3661006C8F25 /* ProductsViewController.swift in Sources */,
				A834F89B21419E3C00D8843D /* ProductCategoryPageCollectionViewCell.swift in Sources */,
				A8E58E8621B47FD400CC4980 /* UploadNewProductViewController.swift in Sources */,
				A80C1DEA21D002060071EF2E /* AddProductTableViewCell.swift in Sources */,
				A82E0FC521B8561F00651CCB /* MyAddressTableViewCell.swift in Sources */,
				A88FA24121C73D2B00567BBA /* SortFilterViewController.swift in Sources */,
				A8092C3E21A72B5800A0EC14 /* PersonalInfoViewController.swift in Sources */,
				A81D765C21B31D92006BCFFF /* ShoppingCardViewController.swift in Sources */,
				A806B81221BAF44600DA2EDA /* LastViewedViewController.swift in Sources */,
				A8F5BF6A21651DDF0077B597 /* MMDrawerController.m in Sources */,
				A8F6F84821727506001B36F6 /* MainPageCollectionViewCell.swift in Sources */,
				A83FBF2921AC4DC5002E106B /* FilterProductCategoryViewController.swift in Sources */,
				A806B81621BAF81E00DA2EDA /* LastViewedTableViewCell.swift in Sources */,
				A806B81821BAF82C00DA2EDA /* FavouritesTableViewCell.swift in Sources */,
				A83CB69B21A866C00098ED7D /* changePasswordPageViewController.swift in Sources */,
				A8F5BF3B21651C350077B597 /* AppDelegate.swift in Sources */,
				A8F8A08E21D0321400C82B1E /* AugmentedRealityViewController.swift in Sources */,
				A81D1C20217BC58C00EB5386 /* ProductPageTableViewCell.swift in Sources */,
				A8082D2321A31C79005E3377 /* ProductDetailViewController.swift in Sources */,
				A88B5DF521C5FFFD00194567 /* PriceFilterViewController.swift in Sources */,
				A8F5BF6B21651DDF0077B597 /* MMDrawerVisualState.m in Sources */,
				A81E2A0A21B16E7900E8EF3F /* FilterDetailProductCategoryViewController.swift in Sources */,
				A834F89921419CB200D8843D /* ProductCategoryViewController.swift in Sources */,
				A86EF2A92166978E00701DEB /* SignUpPageViewController.swift in Sources */,
			);
			runOnlyForDeploymentPostprocessing = 0;
		};
/* End PBXSourcesBuildPhase section */

/* Begin PBXVariantGroup section */
		A8F5BF3E21651C350077B597 /* Main.storyboard */ = {
			isa = PBXVariantGroup;
			children = (
				A8F5BF3F21651C350077B597 /* Base */,
			);
			name = Main.storyboard;
			sourceTree = "<group>";
		};
		A8F5BF4621651C360077B597 /* LaunchScreen.storyboard */ = {
			isa = PBXVariantGroup;
			children = (
				A8F5BF4721651C360077B597 /* Base */,
			);
			name = LaunchScreen.storyboard;
			sourceTree = "<group>";
		};
/* End PBXVariantGroup section */

/* Begin XCBuildConfiguration section */
		A8F5BF4A21651C360077B597 /* Debug */ = {
			isa = XCBuildConfiguration;
			buildSettings = {
				ALWAYS_SEARCH_USER_PATHS = NO;
				CLANG_ANALYZER_NONNULL = YES;
				CLANG_ANALYZER_NUMBER_OBJECT_CONVERSION = YES_AGGRESSIVE;
				CLANG_CXX_LANGUAGE_STANDARD = "gnu++14";
				CLANG_CXX_LIBRARY = "libc++";
				CLANG_ENABLE_MODULES = YES;
				CLANG_ENABLE_OBJC_ARC = YES;
				CLANG_ENABLE_OBJC_WEAK = YES;
				CLANG_WARN_BLOCK_CAPTURE_AUTORELEASING = YES;
				CLANG_WARN_BOOL_CONVERSION = YES;
				CLANG_WARN_COMMA = YES;
				CLANG_WARN_CONSTANT_CONVERSION = YES;
				CLANG_WARN_DEPRECATED_OBJC_IMPLEMENTATIONS = YES;
				CLANG_WARN_DIRECT_OBJC_ISA_USAGE = YES_ERROR;
				CLANG_WARN_DOCUMENTATION_COMMENTS = YES;
				CLANG_WARN_EMPTY_BODY = YES;
				CLANG_WARN_ENUM_CONVERSION = YES;
				CLANG_WARN_INFINITE_RECURSION = YES;
				CLANG_WARN_INT_CONVERSION = YES;
				CLANG_WARN_NON_LITERAL_NULL_CONVERSION = YES;
				CLANG_WARN_OBJC_IMPLICIT_RETAIN_SELF = YES;
				CLANG_WARN_OBJC_LITERAL_CONVERSION = YES;
				CLANG_WARN_OBJC_ROOT_CLASS = YES_ERROR;
				CLANG_WARN_RANGE_LOOP_ANALYSIS = YES;
				CLANG_WARN_STRICT_PROTOTYPES = YES;
				CLANG_WARN_SUSPICIOUS_MOVE = YES;
				CLANG_WARN_UNGUARDED_AVAILABILITY = YES_AGGRESSIVE;
				CLANG_WARN_UNREACHABLE_CODE = YES;
				CLANG_WARN__DUPLICATE_METHOD_MATCH = YES;
				CODE_SIGN_IDENTITY = "iPhone Developer";
				COPY_PHASE_STRIP = NO;
				DEBUG_INFORMATION_FORMAT = dwarf;
				ENABLE_STRICT_OBJC_MSGSEND = YES;
				ENABLE_TESTABILITY = YES;
				GCC_C_LANGUAGE_STANDARD = gnu11;
				GCC_DYNAMIC_NO_PIC = NO;
				GCC_NO_COMMON_BLOCKS = YES;
				GCC_OPTIMIZATION_LEVEL = 0;
				GCC_PREPROCESSOR_DEFINITIONS = (
					"DEBUG=1",
					"$(inherited)",
				);
				GCC_WARN_64_TO_32_BIT_CONVERSION = YES;
				GCC_WARN_ABOUT_RETURN_TYPE = YES_ERROR;
				GCC_WARN_UNDECLARED_SELECTOR = YES;
				GCC_WARN_UNINITIALIZED_AUTOS = YES_AGGRESSIVE;
				GCC_WARN_UNUSED_FUNCTION = YES;
				GCC_WARN_UNUSED_VARIABLE = YES;
				IPHONEOS_DEPLOYMENT_TARGET = 12.0;
				MTL_ENABLE_DEBUG_INFO = INCLUDE_SOURCE;
				MTL_FAST_MATH = YES;
				ONLY_ACTIVE_ARCH = YES;
				SDKROOT = iphoneos;
				SWIFT_ACTIVE_COMPILATION_CONDITIONS = DEBUG;
				SWIFT_OPTIMIZATION_LEVEL = "-Onone";
			};
			name = Debug;
		};
		A8F5BF4B21651C360077B597 /* Release */ = {
			isa = XCBuildConfiguration;
			buildSettings = {
				ALWAYS_SEARCH_USER_PATHS = NO;
				CLANG_ANALYZER_NONNULL = YES;
				CLANG_ANALYZER_NUMBER_OBJECT_CONVERSION = YES_AGGRESSIVE;
				CLANG_CXX_LANGUAGE_STANDARD = "gnu++14";
				CLANG_CXX_LIBRARY = "libc++";
				CLANG_ENABLE_MODULES = YES;
				CLANG_ENABLE_OBJC_ARC = YES;
				CLANG_ENABLE_OBJC_WEAK = YES;
				CLANG_WARN_BLOCK_CAPTURE_AUTORELEASING = YES;
				CLANG_WARN_BOOL_CONVERSION = YES;
				CLANG_WARN_COMMA = YES;
				CLANG_WARN_CONSTANT_CONVERSION = YES;
				CLANG_WARN_DEPRECATED_OBJC_IMPLEMENTATIONS = YES;
				CLANG_WARN_DIRECT_OBJC_ISA_USAGE = YES_ERROR;
				CLANG_WARN_DOCUMENTATION_COMMENTS = YES;
				CLANG_WARN_EMPTY_BODY = YES;
				CLANG_WARN_ENUM_CONVERSION = YES;
				CLANG_WARN_INFINITE_RECURSION = YES;
				CLANG_WARN_INT_CONVERSION = YES;
				CLANG_WARN_NON_LITERAL_NULL_CONVERSION = YES;
				CLANG_WARN_OBJC_IMPLICIT_RETAIN_SELF = YES;
				CLANG_WARN_OBJC_LITERAL_CONVERSION = YES;
				CLANG_WARN_OBJC_ROOT_CLASS = YES_ERROR;
				CLANG_WARN_RANGE_LOOP_ANALYSIS = YES;
				CLANG_WARN_STRICT_PROTOTYPES = YES;
				CLANG_WARN_SUSPICIOUS_MOVE = YES;
				CLANG_WARN_UNGUARDED_AVAILABILITY = YES_AGGRESSIVE;
				CLANG_WARN_UNREACHABLE_CODE = YES;
				CLANG_WARN__DUPLICATE_METHOD_MATCH = YES;
				CODE_SIGN_IDENTITY = "iPhone Developer";
				COPY_PHASE_STRIP = NO;
				DEBUG_INFORMATION_FORMAT = "dwarf-with-dsym";
				ENABLE_NS_ASSERTIONS = NO;
				ENABLE_STRICT_OBJC_MSGSEND = YES;
				GCC_C_LANGUAGE_STANDARD = gnu11;
				GCC_NO_COMMON_BLOCKS = YES;
				GCC_WARN_64_TO_32_BIT_CONVERSION = YES;
				GCC_WARN_ABOUT_RETURN_TYPE = YES_ERROR;
				GCC_WARN_UNDECLARED_SELECTOR = YES;
				GCC_WARN_UNINITIALIZED_AUTOS = YES_AGGRESSIVE;
				GCC_WARN_UNUSED_FUNCTION = YES;
				GCC_WARN_UNUSED_VARIABLE = YES;
				IPHONEOS_DEPLOYMENT_TARGET = 12.0;
				MTL_ENABLE_DEBUG_INFO = NO;
				MTL_FAST_MATH = YES;
				SDKROOT = iphoneos;
				SWIFT_COMPILATION_MODE = wholemodule;
				SWIFT_OPTIMIZATION_LEVEL = "-O";
				VALIDATE_PRODUCT = YES;
			};
			name = Release;
		};
		A8F5BF4D21651C360077B597 /* Debug */ = {
			isa = XCBuildConfiguration;
			baseConfigurationReference = 4544BD1EBA2689C75334460E /* Pods-GraduationProject.debug.xcconfig */;
			buildSettings = {
				ASSETCATALOG_COMPILER_APPICON_NAME = AppIcon;
				CLANG_ENABLE_MODULES = YES;
				CODE_SIGN_STYLE = Automatic;
				DEVELOPMENT_TEAM = 97K3K7BYBU;
				INFOPLIST_FILE = GraduationProject/Info.plist;
				IPHONEOS_DEPLOYMENT_TARGET = 11.4;
				LD_RUNPATH_SEARCH_PATHS = (
					"$(inherited)",
					"@executable_path/Frameworks",
				);
				PRODUCT_BUNDLE_IDENTIFIER = com.example.GraduationProject;
				PRODUCT_NAME = "$(TARGET_NAME)";
				SWIFT_OBJC_BRIDGING_HEADER = "GraduationProject/MMDrawer/GraduationProject-Bridging-Header.h";
				SWIFT_OPTIMIZATION_LEVEL = "-Onone";
				SWIFT_VERSION = 4.2;
				TARGETED_DEVICE_FAMILY = 1;
			};
			name = Debug;
		};
		A8F5BF4E21651C360077B597 /* Release */ = {
			isa = XCBuildConfiguration;
			baseConfigurationReference = D06048B35AF431EA570F4210 /* Pods-GraduationProject.release.xcconfig */;
			buildSettings = {
				ASSETCATALOG_COMPILER_APPICON_NAME = AppIcon;
				CLANG_ENABLE_MODULES = YES;
				CODE_SIGN_STYLE = Automatic;
				DEVELOPMENT_TEAM = 97K3K7BYBU;
				INFOPLIST_FILE = GraduationProject/Info.plist;
				IPHONEOS_DEPLOYMENT_TARGET = 11.4;
				LD_RUNPATH_SEARCH_PATHS = (
					"$(inherited)",
					"@executable_path/Frameworks",
				);
				PRODUCT_BUNDLE_IDENTIFIER = com.example.GraduationProject;
				PRODUCT_NAME = "$(TARGET_NAME)";
				SWIFT_OBJC_BRIDGING_HEADER = "GraduationProject/MMDrawer/GraduationProject-Bridging-Header.h";
				SWIFT_VERSION = 4.2;
				TARGETED_DEVICE_FAMILY = 1;
			};
			name = Release;
		};
/* End XCBuildConfiguration section */

/* Begin XCConfigurationList section */
		A8F5BF3221651C350077B597 /* Build configuration list for PBXProject "GraduationProject" */ = {
			isa = XCConfigurationList;
			buildConfigurations = (
				A8F5BF4A21651C360077B597 /* Debug */,
				A8F5BF4B21651C360077B597 /* Release */,
			);
			defaultConfigurationIsVisible = 0;
			defaultConfigurationName = Release;
		};
		A8F5BF4C21651C360077B597 /* Build configuration list for PBXNativeTarget "GraduationProject" */ = {
			isa = XCConfigurationList;
			buildConfigurations = (
				A8F5BF4D21651C360077B597 /* Debug */,
				A8F5BF4E21651C360077B597 /* Release */,
			);
			defaultConfigurationIsVisible = 0;
			defaultConfigurationName = Release;
		};
/* End XCConfigurationList section */

/* Begin XCVersionGroup section */
		A8F5BF4121651C350077B597 /* GraduationProject.xcdatamodeld */ = {
			isa = XCVersionGroup;
			children = (
				A8F5BF4221651C350077B597 /* GraduationProject.xcdatamodel */,
			);
			currentVersion = A8F5BF4221651C350077B597 /* GraduationProject.xcdatamodel */;
			path = GraduationProject.xcdatamodeld;
			sourceTree = "<group>";
			versionGroupType = wrapper.xcdatamodel;
		};
/* End XCVersionGroup section */
	};
	rootObject = A8F5BF2F21651C350077B597 /* Project object */;
}
